Microsoft Visual Studio Solution File, Format Version 12.00
# Visual Studio Version 17
VisualStudioVersion = 17.5.2.0
MinimumVisualStudioVersion = 10.0.40219.1
Project("{FAE04EC0-301F-11D3-BF4B-00C04F79EFBC}") = "CajaSanmiguel", "CajaSanmiguel.csproj", "{007B9B1A-A677-CA7A-97B0-6CDDA347ACEB}"
EndProject
Global
	GlobalSection(SolutionConfigurationPlatforms) = preSolution
		Debug|Any CPU = Debug|Any CPU
		Release|Any CPU = Release|Any CPU
	EndGlobalSection
	GlobalSection(ProjectConfigurationPlatforms) = postSolution
		{007B9B1A-A677-CA7A-97B0-6CDDA347ACEB}.Debug|Any CPU.ActiveCfg = Debug|Any CPU
		{007B9B1A-A677-CA7A-97B0-6CDDA347ACEB}.Debug|Any CPU.Build.0 = Debug|Any CPU
		{007B9B1A-A677-CA7A-97B0-6CDDA347ACEB}.Release|Any CPU.ActiveCfg = Release|Any CPU
		{007B9B1A-A677-CA7A-97B0-6CDDA347ACEB}.Release|Any CPU.Build.0 = Release|Any CPU
	EndGlobalSection
	GlobalSection(SolutionProperties) = preSolution
		HideSolutionNode = FALSE
	EndGlobalSection
	GlobalSection(ExtensibilityGlobals) = postSolution
		SolutionGuid = {A5998938-50EF-4480-88B1-2F9F374D9A99}
	EndGlobalSection
EndGlobal
